PODS:
  - Google-Mobile-Ads-SDK (7.40.0)

DEPENDENCIES:
  - Google-Mobile-Ads-SDK

SPEC REPOS:
  https://github.com/cocoapods/specs.git:
    - Google-Mobile-Ads-SDK

SPEC CHECKSUMS:
  Google-Mobile-Ads-SDK: 9d1c38a83febea769470aa514a9c7954e2d1483d

PODFILE CHECKSUM: 8230fc6a01ff3fab85a5c3b5458a2aa8f143c35d

COCOAPODS: 1.6.1
